
Microsoft Visual Studio Solution File, Format Version 12.00
# Visual Studio 15
VisualStudioVersion = 15.0.28307.1022
MinimumVisualStudioVersion = 10.0.40219.1
Project("{D2ABAB84-BF74-430A-B69E-9DC6D40DDA17}") = "NavarreteTar4", "NavarreteTar4\NavarreteTar4.dwproj", "{E607C4CA-2C01-4EC6-B26F-BC41D7BB315A}"
EndProject
Global
	GlobalSection(SolutionConfigurationPlatforms) = preSolution
		Development|Default = Development|Default
	EndGlobalSection
	GlobalSection(ProjectConfigurationPlatforms) = postSolution
		{E607C4CA-2C01-4EC6-B26F-BC41D7BB315A}.Development|Default.ActiveCfg = Development
		{E607C4CA-2C01-4EC6-B26F-BC41D7BB315A}.Development|Default.Build.0 = Development
		{E607C4CA-2C01-4EC6-B26F-BC41D7BB315A}.Development|Default.Deploy.0 = Development
	EndGlobalSection
	GlobalSection(SolutionProperties) = preSolution
		HideSolutionNode = FALSE
	EndGlobalSection
	GlobalSection(ExtensibilityGlobals) = postSolution
		SolutionGuid = {888B1644-B11F-4781-AEEA-A792B919C356}
	EndGlobalSection
EndGlobal
